
Microsoft Visual Studio Solution File, Format Version 12.00
# Visual Studio 15
VisualStudioVersion = 15.0.28307.168
MinimumVisualStudioVersion = 10.0.40219.1
Project("{FAE04EC0-301F-11D3-BF4B-00C04F79EFBC}") = "HeroRepo.Console", "HeroRepo\HeroRepo.Console.csproj", "{F839BFDF-0806-4504-85CF-579507098A5A}"
EndProject
Project("{9A19103F-16F7-4668-BE54-9A1E7A4F7556}") = "HeroRepo.Core", "HeroRepo.Core\HeroRepo.Core.csproj", "{51B0E994-8D1D-4AA1-9F77-82A6F6A47082}"
EndProject
Global
	GlobalSection(SolutionConfigurationPlatforms) = preSolution
		Debug|Any CPU = Debug|Any CPU
		Release|Any CPU = Release|Any CPU
	EndGlobalSection
	GlobalSection(ProjectConfigurationPlatforms) = postSolution
		{F839BFDF-0806-4504-85CF-579507098A5A}.Debug|Any CPU.ActiveCfg = Debug|Any CPU
		{F839BFDF-0806-4504-85CF-579507098A5A}.Debug|Any CPU.Build.0 = Debug|Any CPU
		{F839BFDF-0806-4504-85CF-579507098A5A}.Release|Any CPU.ActiveCfg = Release|Any CPU
		{F839BFDF-0806-4504-85CF-579507098A5A}.Release|Any CPU.Build.0 = Release|Any CPU
		{51B0E994-8D1D-4AA1-9F77-82A6F6A47082}.Debug|Any CPU.ActiveCfg = Debug|Any CPU
		{51B0E994-8D1D-4AA1-9F77-82A6F6A47082}.Debug|Any CPU.Build.0 = Debug|Any CPU
		{51B0E994-8D1D-4AA1-9F77-82A6F6A47082}.Release|Any CPU.ActiveCfg = Release|Any CPU
		{51B0E994-8D1D-4AA1-9F77-82A6F6A47082}.Release|Any CPU.Build.0 = Release|Any CPU
	EndGlobalSection
	GlobalSection(SolutionProperties) = preSolution
		HideSolutionNode = FALSE
	EndGlobalSection
	GlobalSection(ExtensibilityGlobals) = postSolution
		SolutionGuid = {EB2BC894-8A49-483D-AC25-6E40DCCF71AD}
	EndGlobalSection
EndGlobal
